
Microsoft Visual Studio Solution File, Format Version 12.00
# Visual Studio 15
VisualStudioVersion = 15.0.28307.421
MinimumVisualStudioVersion = 10.0.40219.1
Project("{FAE04EC0-301F-11D3-BF4B-00C04F79EFBC}") = "PrismSampleApplication", "PrismSampleApplication\PrismSampleApplication\PrismSampleApplication.csproj", "{20414973-B5E0-4F6D-96BD-9F9E642C57C0}"
EndProject
Project("{FAE04EC0-301F-11D3-BF4B-00C04F79EFBC}") = "PrismSampleApplication.Android", "PrismSampleApplication\PrismSampleApplication.Android\PrismSampleApplication.Android.csproj", "{6D3B9DD7-54D2-46A3-90CF-C7262A33C913}"
EndProject
Project("{FAE04EC0-301F-11D3-BF4B-00C04F79EFBC}") = "PrismSampleApplication.iOS", "PrismSampleApplication\PrismSampleApplication.iOS\PrismSampleApplication.iOS.csproj", "{E9514BA9-009A-4C9B-AD9A-646C07D9231B}"
EndProject
Global
	GlobalSection(SolutionConfigurationPlatforms) = preSolution
		Ad-Hoc|Any CPU = Ad-Hoc|Any CPU
		Ad-Hoc|iPhone = Ad-Hoc|iPhone
		Ad-Hoc|iPhoneSimulator = Ad-Hoc|iPhoneSimulator
		AppStore|Any CPU = AppStore|Any CPU
		AppStore|iPhone = AppStore|iPhone
		AppStore|iPhoneSimulator = AppStore|iPhoneSimulator
		Debug|Any CPU = Debug|Any CPU
		Debug|iPhone = Debug|iPhone
		Debug|iPhoneSimulator = Debug|iPhoneSimulator
		Release|Any CPU = Release|Any CPU
		Release|iPhone = Release|iPhone
		Release|iPhoneSimulator = Release|iPhoneSimulator
	EndGlobalSection
	GlobalSection(ProjectConfigurationPlatforms) = postSolution
		{20414973-B5E0-4F6D-96BD-9F9E642C57C0}.Ad-Hoc|Any CPU.ActiveCfg = Debug|Any CPU
		{20414973-B5E0-4F6D-96BD-9F9E642C57C0}.Ad-Hoc|Any CPU.Build.0 = Debug|Any CPU
		{20414973-B5E0-4F6D-96BD-9F9E642C57C0}.Ad-Hoc|iPhone.ActiveCfg = Debug|Any CPU
		{20414973-B5E0-4F6D-96BD-9F9E642C57C0}.Ad-Hoc|iPhone.Build.0 = Debug|Any CPU
		{20414973-B5E0-4F6D-96BD-9F9E642C57C0}.Ad-Hoc|iPhoneSimulator.ActiveCfg = Debug|Any CPU
		{20414973-B5E0-4F6D-96BD-9F9E642C57C0}.Ad-Hoc|iPhoneSimulator.Build.0 = Debug|Any CPU
		{20414973-B5E0-4F6D-96BD-9F9E642C57C0}.AppStore|Any CPU.ActiveCfg = Debug|Any CPU
		{20414973-B5E0-4F6D-96BD-9F9E642C57C0}.AppStore|Any CPU.Build.0 = Debug|Any CPU
		{20414973-B5E0-4F6D-96BD-9F9E642C57C0}.AppStore|iPhone.ActiveCfg = Debug|Any CPU
		{20414973-B5E0-4F6D-96BD-9F9E642C57C0}.AppStore|iPhone.Build.0 = Debug|Any CPU
		{20414973-B5E0-4F6D-96BD-9F9E642C57C0}.AppStore|iPhoneSimulator.ActiveCfg = Debug|Any CPU
		{20414973-B5E0-4F6D-96BD-9F9E642C57C0}.AppStore|iPhoneSimulator.Build.0 = Debug|Any CPU
		{20414973-B5E0-4F6D-96BD-9F9E642C57C0}.Debug|Any CPU.ActiveCfg = Debug|Any CPU
		{20414973-B5E0-4F6D-96BD-9F9E642C57C0}.Debug|Any CPU.Build.0 = Debug|Any CPU
		{20414973-B5E0-4F6D-96BD-9F9E642C57C0}.Debug|iPhone.ActiveCfg = Debug|Any CPU
		{20414973-B5E0-4F6D-96BD-9F9E642C57C0}.Debug|iPhone.Build.0 = Debug|Any CPU
		{20414973-B5E0-4F6D-96BD-9F9E642C57C0}.Debug|iPhoneSimulator.ActiveCfg = Debug|Any CPU
		{20414973-B5E0-4F6D-96BD-9F9E642C57C0}.Debug|iPhoneSimulator.Build.0 = Debug|Any CPU
		{20414973-B5E0-4F6D-96BD-9F9E642C57C0}.Release|Any CPU.ActiveCfg = Release|Any CPU
		{20414973-B5E0-4F6D-96BD-9F9E642C57C0}.Release|Any CPU.Build.0 = Release|Any CPU
		{20414973-B5E0-4F6D-96BD-9F9E642C57C0}.Release|iPhone.ActiveCfg = Release|Any CPU
		{20414973-B5E0-4F6D-96BD-9F9E642C57C0}.Release|iPhone.Build.0 = Release|Any CPU
		{20414973-B5E0-4F6D-96BD-9F9E642C57C0}.Release|iPhoneSimulator.ActiveCfg = Release|Any CPU
		{20414973-B5E0-4F6D-96BD-9F9E642C57C0}.Release|iPhoneSimulator.Build.0 = Release|Any CPU
		{6D3B9DD7-54D2-46A3-90CF-C7262A33C913}.Ad-Hoc|Any CPU.ActiveCfg = Release|Any CPU
		{6D3B9DD7-54D2-46A3-90CF-C7262A33C913}.Ad-Hoc|Any CPU.Build.0 = Release|Any CPU
		{6D3B9DD7-54D2-46A3-90CF-C7262A33C913}.Ad-Hoc|Any CPU.Deploy.0 = Release|Any CPU
		{6D3B9DD7-54D2-46A3-90CF-C7262A33C913}.Ad-Hoc|iPhone.ActiveCfg = Release|Any CPU
		{6D3B9DD7-54D2-46A3-90CF-C7262A33C913}.Ad-Hoc|iPhone.Build.0 = Release|Any CPU
		{6D3B9DD7-54D2-46A3-90CF-C7262A33C913}.Ad-Hoc|iPhone.Deploy.0 = Release|Any CPU
		{6D3B9DD7-54D2-46A3-90CF-C7262A33C913}.Ad-Hoc|iPhoneSimulator.ActiveCfg = Release|Any CPU
		{6D3B9DD7-54D2-46A3-90CF-C7262A33C913}.Ad-Hoc|iPhoneSimulator.Build.0 = Release|Any CPU
		{6D3B9DD7-54D2-46A3-90CF-C7262A33C913}.Ad-Hoc|iPhoneSimulator.Deploy.0 = Release|Any CPU
		{6D3B9DD7-54D2-46A3-90CF-C7262A33C913}.AppStore|Any CPU.ActiveCfg = Release|Any CPU
		{6D3B9DD7-54D2-46A3-90CF-C7262A33C913}.AppStore|Any CPU.Build.0 = Release|Any CPU
		{6D3B9DD7-54D2-46A3-90CF-C7262A33C913}.AppStore|Any CPU.Deploy.0 = Release|Any CPU
		{6D3B9DD7-54D2-46A3-90CF-C7262A33C913}.AppStore|iPhone.ActiveCfg = Release|Any CPU
		{6D3B9DD7-54D2-46A3-90CF-C7262A33C913}.AppStore|iPhone.Build.0 = Release|Any CPU
		{6D3B9DD7-54D2-46A3-90CF-C7262A33C913}.AppStore|iPhone.Deploy.0 = Release|Any CPU
		{6D3B9DD7-54D2-46A3-90CF-C7262A33C913}.AppStore|iPhoneSimulator.ActiveCfg = Release|Any CPU
		{6D3B9DD7-54D2-46A3-90CF-C7262A33C913}.AppStore|iPhoneSimulator.Build.0 = Release|Any CPU
		{6D3B9DD7-54D2-46A3-90CF-C7262A33C913}.AppStore|iPhoneSimulator.Deploy.0 = Release|Any CPU
		{6D3B9DD7-54D2-46A3-90CF-C7262A33C913}.Debug|Any CPU.ActiveCfg = Debug|Any CPU
		{6D3B9DD7-54D2-46A3-90CF-C7262A33C913}.Debug|Any CPU.Build.0 = Debug|Any CPU
		{6D3B9DD7-54D2-46A3-90CF-C7262A33C913}.Debug|Any CPU.Deploy.0 = Debug|Any CPU
		{6D3B9DD7-54D2-46A3-90CF-C7262A33C913}.Debug|iPhone.ActiveCfg = Debug|Any CPU
		{6D3B9DD7-54D2-46A3-90CF-C7262A33C913}.Debug|iPhone.Build.0 = Debug|Any CPU
		{6D3B9DD7-54D2-46A3-90CF-C7262A33C913}.Debug|iPhone.Deploy.0 = Debug|Any CPU
		{6D3B9DD7-54D2-46A3-90CF-C7262A33C913}.Debug|iPhoneSimulator.ActiveCfg = Debug|Any CPU
		{6D3B9DD7-54D2-46A3-90CF-C7262A33C913}.Debug|iPhoneSimulator.Build.0 = Debug|Any CPU
		{6D3B9DD7-54D2-46A3-90CF-C7262A33C913}.Debug|iPhoneSimulator.Deploy.0 = Debug|Any CPU
		{6D3B9DD7-54D2-46A3-90CF-C7262A33C913}.Release|Any CPU.ActiveCfg = Release|Any CPU
		{6D3B9DD7-54D2-46A3-90CF-C7262A33C913}.Release|Any CPU.Build.0 = Release|Any CPU
		{6D3B9DD7-54D2-46A3-90CF-C7262A33C913}.Release|Any CPU.Deploy.0 = Release|Any CPU
		{6D3B9DD7-54D2-46A3-90CF-C7262A33C913}.Release|iPhone.ActiveCfg = Release|Any CPU
		{6D3B9DD7-54D2-46A3-90CF-C7262A33C913}.Release|iPhone.Build.0 = Release|Any CPU
		{6D3B9DD7-54D2-46A3-90CF-C7262A33C913}.Release|iPhone.Deploy.0 = Release|Any CPU
		{6D3B9DD7-54D2-46A3-90CF-C7262A33C913}.Release|iPhoneSimulator.ActiveCfg = Release|Any CPU
		{6D3B9DD7-54D2-46A3-90CF-C7262A33C913}.Release|iPhoneSimulator.Build.0 = Release|Any CPU
		{6D3B9DD7-54D2-46A3-90CF-C7262A33C913}.Release|iPhoneSimulator.Deploy.0 = Release|Any CPU
		{E9514BA9-009A-4C9B-AD9A-646C07D9231B}.Ad-Hoc|Any CPU.ActiveCfg = Ad-Hoc|iPhone
		{E9514BA9-009A-4C9B-AD9A-646C07D9231B}.Ad-Hoc|iPhone.ActiveCfg = Ad-Hoc|iPhone
		{E9514BA9-009A-4C9B-AD9A-646C07D9231B}.Ad-Hoc|iPhone.Build.0 = Ad-Hoc|iPhone
		{E9514BA9-009A-4C9B-AD9A-646C07D9231B}.Ad-Hoc|iPhoneSimulator.ActiveCfg = Ad-Hoc|iPhoneSimulator
		{E9514BA9-009A-4C9B-AD9A-646C07D9231B}.Ad-Hoc|iPhoneSimulator.Build.0 = Ad-Hoc|iPhoneSimulator
		{E9514BA9-009A-4C9B-AD9A-646C07D9231B}.AppStore|Any CPU.ActiveCfg = AppStore|iPhone
		{E9514BA9-009A-4C9B-AD9A-646C07D9231B}.AppStore|iPhone.ActiveCfg = AppStore|iPhone
		{E9514BA9-009A-4C9B-AD9A-646C07D9231B}.AppStore|iPhone.Build.0 = AppStore|iPhone
		{E9514BA9-009A-4C9B-AD9A-646C07D9231B}.AppStore|iPhoneSimulator.ActiveCfg = AppStore|iPhoneSimulator
		{E9514BA9-009A-4C9B-AD9A-646C07D9231B}.AppStore|iPhoneSimulator.Build.0 = AppStore|iPhoneSimulator
		{E9514BA9-009A-4C9B-AD9A-646C07D9231B}.Debug|Any CPU.ActiveCfg = Debug|iPhone
		{E9514BA9-009A-4C9B-AD9A-646C07D9231B}.Debug|iPhone.ActiveCfg = Debug|iPhone
		{E9514BA9-009A-4C9B-AD9A-646C07D9231B}.Debug|iPhone.Build.0 = Debug|iPhone
		{E9514BA9-009A-4C9B-AD9A-646C07D9231B}.Debug|iPhoneSimulator.ActiveCfg = Debug|iPhoneSimulator
		{E9514BA9-009A-4C9B-AD9A-646C07D9231B}.Debug|iPhoneSimulator.Build.0 = Debug|iPhoneSimulator
		{E9514BA9-009A-4C9B-AD9A-646C07D9231B}.Release|Any CPU.ActiveCfg = Release|iPhone
		{E9514BA9-009A-4C9B-AD9A-646C07D9231B}.Release|iPhone.ActiveCfg = Release|iPhone
		{E9514BA9-009A-4C9B-AD9A-646C07D9231B}.Release|iPhone.Build.0 = Release|iPhone
		{E9514BA9-009A-4C9B-AD9A-646C07D9231B}.Release|iPhoneSimulator.ActiveCfg = Release|iPhoneSimulator
		{E9514BA9-009A-4C9B-AD9A-646C07D9231B}.Release|iPhoneSimulator.Build.0 = Release|iPhoneSimulator
	EndGlobalSection
	GlobalSection(SolutionProperties) = preSolution
		HideSolutionNode = FALSE
	EndGlobalSection
	GlobalSection(ExtensibilityGlobals) = postSolution
		SolutionGuid = {B04548C4-F9E9-42AE-9939-405382FBDC43}
	EndGlobalSection
EndGlobal
